
Microsoft Visual Studio Solution File, Format Version 12.00
# Visual Studio 15
VisualStudioVersion = 15.0.28010.2026
MinimumVisualStudioVersion = 10.0.40219.1
Project("{FAE04EC0-301F-11D3-BF4B-00C04F79EFBC}") = "并行编程测试项目", "并行编程测试项目\并行编程测试项目.csproj", "{9D1C08DD-FE89-4420-932F-6E0B0AC58992}"
EndProject
Global
	GlobalSection(SolutionConfigurationPlatforms) = preSolution
		Debug|Any CPU = Debug|Any CPU
		Release|Any CPU = Release|Any CPU
	EndGlobalSection
	GlobalSection(ProjectConfigurationPlatforms) = postSolution
		{9D1C08DD-FE89-4420-932F-6E0B0AC58992}.Debug|Any CPU.ActiveCfg = Debug|Any CPU
		{9D1C08DD-FE89-4420-932F-6E0B0AC58992}.Debug|Any CPU.Build.0 = Debug|Any CPU
		{9D1C08DD-FE89-4420-932F-6E0B0AC58992}.Release|Any CPU.ActiveCfg = Release|Any CPU
		{9D1C08DD-FE89-4420-932F-6E0B0AC58992}.Release|Any CPU.Build.0 = Release|Any CPU
	EndGlobalSection
	GlobalSection(SolutionProperties) = preSolution
		HideSolutionNode = FALSE
	EndGlobalSection
	GlobalSection(ExtensibilityGlobals) = postSolution
		SolutionGuid = {AA0F3564-B3CD-498E-9689-15C5282C55F7}
	EndGlobalSection
EndGlobal
